// !$*UTF8*$!
{
	archiveVersion = 1;
	classes = {
	};
	objectVersion = 50;
	objects = {

/* Begin PBXBuildFile section */
		250F872E252D2AC800240752 /* AppDelegate.swift in Sources */ = {isa = PBXBuildFile; fileRef = 250F872D252D2AC800240752 /* AppDelegate.swift */; };
		250F8730252D2AC800240752 /* SceneDelegate.swift in Sources */ = {isa = PBXBuildFile; fileRef = 250F872F252D2AC800240752 /* SceneDelegate.swift */; };
		250F8732252D2AC800240752 /* ViewController.swift in Sources */ = {isa = PBXBuildFile; fileRef = 250F8731252D2AC800240752 /* ViewController.swift */; };
		250F8735252D2AC800240752 /* Main.storyboard in Resources */ = {isa = PBXBuildFile; fileRef = 250F8733252D2AC800240752 /* Main.storyboard */; };
		250F8737252D2ACA00240752 /* Assets.xcassets in Resources */ = {isa = PBXBuildFile; fileRef = 250F8736252D2ACA00240752 /* Assets.xcassets */; };
		250F873A252D2ACA00240752 /* LaunchScreen.storyboard in Resources */ = {isa = PBXBuildFile; fileRef = 250F8738252D2ACA00240752 /* LaunchScreen.storyboard */; };
		250F875A252D3DBA00240752 /* Sweater Weather.mp3 in Resources */ = {isa = PBXBuildFile; fileRef = 250F8754252D3DB700240752 /* Sweater Weather.mp3 */; };
		250F875B252D3DBA00240752 /* Ferrari.mp3 in Resources */ = {isa = PBXBuildFile; fileRef = 250F8755252D3DB800240752 /* Ferrari.mp3 */; };
		250F875C252D3DBA00240752 /* R.I.P. 2 My Youth.mp3 in Resources */ = {isa = PBXBuildFile; fileRef = 250F8756252D3DB800240752 /* R.I.P. 2 My Youth.mp3 */; };
		250F875D252D3DBA00240752 /* The Beach.mp3 in Resources */ = {isa = PBXBuildFile; fileRef = 250F8757252D3DB900240752 /* The Beach.mp3 */; };
		250F875E252D3DBA00240752 /* Wiped Out!.mp3 in Resources */ = {isa = PBXBuildFile; fileRef = 250F8758252D3DB900240752 /* Wiped Out!.mp3 */; };
		250F875F252D3DBA00240752 /* Wires.mp3 in Resources */ = {isa = PBXBuildFile; fileRef = 250F8759252D3DBA00240752 /* Wires.mp3 */; };
		250F8762252D5C7F00240752 /* File.swift in Sources */ = {isa = PBXBuildFile; fileRef = 250F8761252D5C7F00240752 /* File.swift */; };
		250F8765252D6F2400240752 /* SongVC.swift in Sources */ = {isa = PBXBuildFile; fileRef = 250F8764252D6F2400240752 /* SongVC.swift */; };
		258FC3FD25334DF400CDD700 /* TableViewController.swift in Sources */ = {isa = PBXBuildFile; fileRef = 258FC3FC25334DF400CDD700 /* TableViewController.swift */; };
		258FC40025334E4B00CDD700 /* MyCellTableViewCell.swift in Sources */ = {isa = PBXBuildFile; fileRef = 258FC3FF25334E4B00CDD700 /* MyCellTableViewCell.swift */; };
/* End PBXBuildFile section */

/* Begin PBXFileReference section */
		250F872A252D2AC800240752 /* hw4.app */ = {isa = PBXFileReference; explicitFileType = wrapper.application; includeInIndex = 0; path = hw4.app; sourceTree = BUILT_PRODUCTS_DIR; };
		250F872D252D2AC800240752 /* AppDelegate.swift */ = {isa = PBXFileReference; lastKnownFileType = sourcecode.swift; path = AppDelegate.swift; sourceTree = "<group>"; };
		250F872F252D2AC800240752 /* SceneDelegate.swift */ = {isa = PBXFileReference; lastKnownFileType = sourcecode.swift; path = SceneDelegate.swift; sourceTree = "<group>"; };
		250F8731252D2AC800240752 /* ViewController.swift */ = {isa = PBXFileReference; lastKnownFileType = sourcecode.swift; path = ViewController.swift; sourceTree = "<group>"; };
		250F8734252D2AC800240752 /* Base */ = {isa = PBXFileReference; lastKnownFileType = file.storyboard; name = Base; path = Base.lproj/Main.storyboard; sourceTree = "<group>"; };
		250F8736252D2ACA00240752 /* Assets.xcassets */ = {isa = PBXFileReference; lastKnownFileType = folder.assetcatalog; path = Assets.xcassets; sourceTree = "<group>"; };
		250F8739252D2ACA00240752 /* Base */ = {isa = PBXFileReference; lastKnownFileType = file.storyboard; name = Base; path = Base.lproj/LaunchScreen.storyboard; sourceTree = "<group>"; };
		250F873B252D2ACA00240752 /* Info.plist */ = {isa = PBXFileReference; lastKnownFileType = text.plist.xml; path = Info.plist; sourceTree = "<group>"; };
		250F8754252D3DB700240752 /* Sweater Weather.mp3 */ = {isa = PBXFileReference; lastKnownFileType = audio.mp3; path = "Sweater Weather.mp3"; sourceTree = "<group>"; };
		250F8755252D3DB800240752 /* Ferrari.mp3 */ = {isa = PBXFileReference; lastKnownFileType = audio.mp3; path = Ferrari.mp3; sourceTree = "<group>"; };
		250F8756252D3DB800240752 /* R.I.P. 2 My Youth.mp3 */ = {isa = PBXFileReference; lastKnownFileType = audio.mp3; path = "R.I.P. 2 My Youth.mp3"; sourceTree = "<group>"; };
		250F8757252D3DB900240752 /* The Beach.mp3 */ = {isa = PBXFileReference; lastKnownFileType = audio.mp3; path = "The Beach.mp3"; sourceTree = "<group>"; };
		250F8758252D3DB900240752 /* Wiped Out!.mp3 */ = {isa = PBXFileReference; lastKnownFileType = audio.mp3; path = "Wiped Out!.mp3"; sourceTree = "<group>"; };
		250F8759252D3DBA00240752 /* Wires.mp3 */ = {isa = PBXFileReference; lastKnownFileType = audio.mp3; path = Wires.mp3; sourceTree = "<group>"; };
		250F8761252D5C7F00240752 /* File.swift */ = {isa = PBXFileReference; lastKnownFileType = sourcecode.swift; path = File.swift; sourceTree = "<group>"; };
		250F8764252D6F2400240752 /* SongVC.swift */ = {isa = PBXFileReference; lastKnownFileType = sourcecode.swift; path = SongVC.swift; sourceTree = "<group>"; };
		258FC3FC25334DF400CDD700 /* TableViewController.swift */ = {isa = PBXFileReference; lastKnownFileType = sourcecode.swift; path = TableViewController.swift; sourceTree = "<group>"; };
		258FC3FF25334E4B00CDD700 /* MyCellTableViewCell.swift */ = {isa = PBXFileReference; lastKnownFileType = sourcecode.swift; path = MyCellTableViewCell.swift; sourceTree = "<group>"; };
/* End PBXFileReference section */

/* Begin PBXFrameworksBuildPhase section */
		250F8727252D2AC800240752 /* Frameworks */ = {
			isa = PBXFrameworksBuildPhase;
			buildActionMask = 2147483647;
			files = (
			);
			runOnlyForDeploymentPostprocessing = 0;
		};
/* End PBXFrameworksBuildPhase section */

/* Begin PBXGroup section */
		250F8721252D2AC700240752 = {
			isa = PBXGroup;
			children = (
				250F872C252D2AC800240752 /* hw4 */,
				250F872B252D2AC800240752 /* Products */,
			);
			sourceTree = "<group>";
		};
		250F872B252D2AC800240752 /* Products */ = {
			isa = PBXGroup;
			children = (
				250F872A252D2AC800240752 /* hw4.app */,
			);
			name = Products;
			sourceTree = "<group>";
		};
		250F872C252D2AC800240752 /* hw4 */ = {
			isa = PBXGroup;
			children = (
				250F8753252D3DA600240752 /* Audio */,
				250F872D252D2AC800240752 /* AppDelegate.swift */,
				250F872F252D2AC800240752 /* SceneDelegate.swift */,
				250F8731252D2AC800240752 /* ViewController.swift */,
				250F8761252D5C7F00240752 /* File.swift */,
				250F8733252D2AC800240752 /* Main.storyboard */,
				258FC3FF25334E4B00CDD700 /* MyCellTableViewCell.swift */,
				258FC3FC25334DF400CDD700 /* TableViewController.swift */,
				250F8764252D6F2400240752 /* SongVC.swift */,
				250F8736252D2ACA00240752 /* Assets.xcassets */,
				250F8738252D2ACA00240752 /* LaunchScreen.storyboard */,
				250F873B252D2ACA00240752 /* Info.plist */,
			);
			path = hw4;
			sourceTree = "<group>";
		};
		250F8753252D3DA600240752 /* Audio */ = {
			isa = PBXGroup;
			children = (
				250F8755252D3DB800240752 /* Ferrari.mp3 */,
				250F8756252D3DB800240752 /* R.I.P. 2 My Youth.mp3 */,
				250F8754252D3DB700240752 /* Sweater Weather.mp3 */,
				250F8757252D3DB900240752 /* The Beach.mp3 */,
				250F8758252D3DB900240752 /* Wiped Out!.mp3 */,
				250F8759252D3DBA00240752 /* Wires.mp3 */,
			);
			path = Audio;
			sourceTree = "<group>";
		};
/* End PBXGroup section */

/* Begin PBXNativeTarget section */
		250F8729252D2AC800240752 /* hw4 */ = {
			isa = PBXNativeTarget;
			buildConfigurationList = 250F873E252D2ACA00240752 /* Build configuration list for PBXNativeTarget "hw4" */;
			buildPhases = (
				250F8726252D2AC800240752 /* Sources */,
				250F8727252D2AC800240752 /* Frameworks */,
				250F8728252D2AC800240752 /* Resources */,
			);
			buildRules = (
			);
			dependencies = (
			);
			name = hw4;
			productName = hw4;
			productReference = 250F872A252D2AC800240752 /* hw4.app */;
			productType = "com.apple.product-type.application";
		};
/* End PBXNativeTarget section */

/* Begin PBXProject section */
		250F8722252D2AC700240752 /* Project object */ = {
			isa = PBXProject;
			attributes = {
				LastSwiftUpdateCheck = 1200;
				LastUpgradeCheck = 1200;
				TargetAttributes = {
					250F8729252D2AC800240752 = {
						CreatedOnToolsVersion = 12.0.1;
					};
				};
			};
			buildConfigurationList = 250F8725252D2AC700240752 /* Build configuration list for PBXProject "hw4" */;
			compatibilityVersion = "Xcode 9.3";
			developmentRegion = en;
			hasScannedForEncodings = 0;
			knownRegions = (
				en,
				Base,
			);
			mainGroup = 250F8721252D2AC700240752;
			productRefGroup = 250F872B252D2AC800240752 /* Products */;
			projectDirPath = "";
			projectRoot = "";
			targets = (
				250F8729252D2AC800240752 /* hw4 */,
			);
		};
/* End PBXProject section */

/* Begin PBXResourcesBuildPhase section */
		250F8728252D2AC800240752 /* Resources */ = {
			isa = PBXResourcesBuildPhase;
			buildActionMask = 2147483647;
			files = (
				250F875F252D3DBA00240752 /* Wires.mp3 in Resources */,
				250F875A252D3DBA00240752 /* Sweater Weather.mp3 in Resources */,
				250F875C252D3DBA00240752 /* R.I.P. 2 My Youth.mp3 in Resources */,
				250F873A252D2ACA00240752 /* LaunchScreen.storyboard in Resources */,
				250F875D252D3DBA00240752 /* The Beach.mp3 in Resources */,
				250F8737252D2ACA00240752 /* Assets.xcassets in Resources */,
				250F8735252D2AC800240752 /* Main.storyboard in Resources */,
				250F875E252D3DBA00240752 /* Wiped Out!.mp3 in Resources */,
				250F875B252D3DBA00240752 /* Ferrari.mp3 in Resources */,
			);
			runOnlyForDeploymentPostprocessing = 0;
		};
/* End PBXResourcesBuildPhase section */

/* Begin PBXSourcesBuildPhase section */
		250F8726252D2AC800240752 /* Sources */ = {
			isa = PBXSourcesBuildPhase;
			buildActionMask = 2147483647;
			files = (
				250F8732252D2AC800240752 /* ViewController.swift in Sources */,
				258FC3FD25334DF400CDD700 /* TableViewController.swift in Sources */,
				250F8762252D5C7F00240752 /* File.swift in Sources */,
				258FC40025334E4B00CDD700 /* MyCellTableViewCell.swift in Sources */,
				250F872E252D2AC800240752 /* AppDelegate.swift in Sources */,
				250F8730252D2AC800240752 /* SceneDelegate.swift in Sources */,
				250F8765252D6F2400240752 /* SongVC.swift in Sources */,
			);
			runOnlyForDeploymentPostprocessing = 0;
		};
/* End PBXSourcesBuildPhase section */

/* Begin PBXVariantGroup section */
		250F8733252D2AC800240752 /* Main.storyboard */ = {
			isa = PBXVariantGroup;
			children = (
				250F8734252D2AC800240752 /* Base */,
			);
			name = Main.storyboard;
			sourceTree = "<group>";
		};
		250F8738252D2ACA00240752 /* LaunchScreen.storyboard */ = {
			isa = PBXVariantGroup;
			children = (
				250F8739252D2ACA00240752 /* Base */,
			);
			name = LaunchScreen.storyboard;
			sourceTree = "<group>";
		};
/* End PBXVariantGroup section */

/* Begin XCBuildConfiguration section */
		250F873C252D2ACA00240752 /* Debug */ = {
			isa = XCBuildConfiguration;
			buildSettings = {
				ALWAYS_SEARCH_USER_PATHS = NO;
				CLANG_ANALYZER_NONNULL = YES;
				CLANG_ANALYZER_NUMBER_OBJECT_CONVERSION = YES_AGGRESSIVE;
				CLANG_CXX_LANGUAGE_STANDARD = "gnu++14";
				CLANG_CXX_LIBRARY = "libc++";
				CLANG_ENABLE_MODULES = YES;
				CLANG_ENABLE_OBJC_ARC = YES;
				CLANG_ENABLE_OBJC_WEAK = YES;
				CLANG_WARN_BLOCK_CAPTURE_AUTORELEASING = YES;
				CLANG_WARN_BOOL_CONVERSION = YES;
				CLANG_WARN_COMMA = YES;
				CLANG_WARN_CONSTANT_CONVERSION = YES;
				CLANG_WARN_DEPRECATED_OBJC_IMPLEMENTATIONS = YES;
				CLANG_WARN_DIRECT_OBJC_ISA_USAGE = YES_ERROR;
				CLANG_WARN_DOCUMENTATION_COMMENTS = YES;
				CLANG_WARN_EMPTY_BODY = YES;
				CLANG_WARN_ENUM_CONVERSION = YES;
				CLANG_WARN_INFINITE_RECURSION = YES;
				CLANG_WARN_INT_CONVERSION = YES;
				CLANG_WARN_NON_LITERAL_NULL_CONVERSION = YES;
				CLANG_WARN_OBJC_IMPLICIT_RETAIN_SELF = YES;
				CLANG_WARN_OBJC_LITERAL_CONVERSION = YES;
				CLANG_WARN_OBJC_ROOT_CLASS = YES_ERROR;
				CLANG_WARN_QUOTED_INCLUDE_IN_FRAMEWORK_HEADER = YES;
				CLANG_WARN_RANGE_LOOP_ANALYSIS = YES;
				CLANG_WARN_STRICT_PROTOTYPES = YES;
				CLANG_WARN_SUSPICIOUS_MOVE = YES;
				CLANG_WARN_UNGUARDED_AVAILABILITY = YES_AGGRESSIVE;
				CLANG_WARN_UNREACHABLE_CODE = YES;
				CLANG_WARN__DUPLICATE_METHOD_MATCH = YES;
				COPY_PHASE_STRIP = NO;
				DEBUG_INFORMATION_FORMAT = dwarf;
				ENABLE_STRICT_OBJC_MSGSEND = YES;
				ENABLE_TESTABILITY = YES;
				GCC_C_LANGUAGE_STANDARD = gnu11;
				GCC_DYNAMIC_NO_PIC = NO;
				GCC_NO_COMMON_BLOCKS = YES;
				GCC_OPTIMIZATION_LEVEL = 0;
				GCC_PREPROCESSOR_DEFINITIONS = (
					"DEBUG=1",
					"$(inherited)",
				);
				GCC_WARN_64_TO_32_BIT_CONVERSION = YES;
				GCC_WARN_ABOUT_RETURN_TYPE = YES_ERROR;
				GCC_WARN_UNDECLARED_SELECTOR = YES;
				GCC_WARN_UNINITIALIZED_AUTOS = YES_AGGRESSIVE;
				GCC_WARN_UNUSED_FUNCTION = YES;
				GCC_WARN_UNUSED_VARIABLE = YES;
				IPHONEOS_DEPLOYMENT_TARGET = 14.0;
				MTL_ENABLE_DEBUG_INFO = INCLUDE_SOURCE;
				MTL_FAST_MATH = YES;
				ONLY_ACTIVE_ARCH = YES;
				SDKROOT = iphoneos;
				SWIFT_ACTIVE_COMPILATION_CONDITIONS = DEBUG;
				SWIFT_OPTIMIZATION_LEVEL = "-Onone";
			};
			name = Debug;
		};
		250F873D252D2ACA00240752 /* Release */ = {
			isa = XCBuildConfiguration;
			buildSettings = {
				ALWAYS_SEARCH_USER_PATHS = NO;
				CLANG_ANALYZER_NONNULL = YES;
				CLANG_ANALYZER_NUMBER_OBJECT_CONVERSION = YES_AGGRESSIVE;
				CLANG_CXX_LANGUAGE_STANDARD = "gnu++14";
				CLANG_CXX_LIBRARY = "libc++";
				CLANG_ENABLE_MODULES = YES;
				CLANG_ENABLE_OBJC_ARC = YES;
				CLANG_ENABLE_OBJC_WEAK = YES;
				CLANG_WARN_BLOCK_CAPTURE_AUTORELEASING = YES;
				CLANG_WARN_BOOL_CONVERSION = YES;
				CLANG_WARN_COMMA = YES;
				CLANG_WARN_CONSTANT_CONVERSION = YES;
				CLANG_WARN_DEPRECATED_OBJC_IMPLEMENTATIONS = YES;
				CLANG_WARN_DIRECT_OBJC_ISA_USAGE = YES_ERROR;
				CLANG_WARN_DOCUMENTATION_COMMENTS = YES;
				CLANG_WARN_EMPTY_BODY = YES;
				CLANG_WARN_ENUM_CONVERSION = YES;
				CLANG_WARN_INFINITE_RECURSION = YES;
				CLANG_WARN_INT_CONVERSION = YES;
				CLANG_WARN_NON_LITERAL_NULL_CONVERSION = YES;
				CLANG_WARN_OBJC_IMPLICIT_RETAIN_SELF = YES;
				CLANG_WARN_OBJC_LITERAL_CONVERSION = YES;
				CLANG_WARN_OBJC_ROOT_CLASS = YES_ERROR;
				CLANG_WARN_QUOTED_INCLUDE_IN_FRAMEWORK_HEADER = YES;
				CLANG_WARN_RANGE_LOOP_ANALYSIS = YES;
				CLANG_WARN_STRICT_PROTOTYPES = YES;
				CLANG_WARN_SUSPICIOUS_MOVE = YES;
				CLANG_WARN_UNGUARDED_AVAILABILITY = YES_AGGRESSIVE;
				CLANG_WARN_UNREACHABLE_CODE = YES;
				CLANG_WARN__DUPLICATE_METHOD_MATCH = YES;
				COPY_PHASE_STRIP = NO;
				DEBUG_INFORMATION_FORMAT = "dwarf-with-dsym";
				ENABLE_NS_ASSERTIONS = NO;
				ENABLE_STRICT_OBJC_MSGSEND = YES;
				GCC_C_LANGUAGE_STANDARD = gnu11;
				GCC_NO_COMMON_BLOCKS = YES;
				GCC_WARN_64_TO_32_BIT_CONVERSION = YES;
				GCC_WARN_ABOUT_RETURN_TYPE = YES_ERROR;
				GCC_WARN_UNDECLARED_SELECTOR = YES;
				GCC_WARN_UNINITIALIZED_AUTOS = YES_AGGRESSIVE;
				GCC_WARN_UNUSED_FUNCTION = YES;
				GCC_WARN_UNUSED_VARIABLE = YES;
				IPHONEOS_DEPLOYMENT_TARGET = 14.0;
				MTL_ENABLE_DEBUG_INFO = NO;
				MTL_FAST_MATH = YES;
				SDKROOT = iphoneos;
				SWIFT_COMPILATION_MODE = wholemodule;
				SWIFT_OPTIMIZATION_LEVEL = "-O";
				VALIDATE_PRODUCT = YES;
			};
			name = Release;
		};
		250F873F252D2ACA00240752 /* Debug */ = {
			isa = XCBuildConfiguration;
			buildSettings = {
				ASSETCATALOG_COMPILER_APPICON_NAME = AppIcon;
				ASSETCATALOG_COMPILER_GLOBAL_ACCENT_COLOR_NAME = AccentColor;
				CODE_SIGN_STYLE = Automatic;
				DEVELOPMENT_TEAM = C759N5S8J8;
				INFOPLIST_FILE = hw4/Info.plist;
				IPHONEOS_DEPLOYMENT_TARGET = 13.1;
				LD_RUNPATH_SEARCH_PATHS = (
					"$(inherited)",
					"@executable_path/Frameworks",
				);
				PRODUCT_BUNDLE_IDENTIFIER = com.amal.hw4;
				PRODUCT_NAME = "$(TARGET_NAME)";
				SWIFT_VERSION = 5.0;
				TARGETED_DEVICE_FAMILY = "1,2";
			};
			name = Debug;
		};
		250F8740252D2ACA00240752 /* Release */ = {
			isa = XCBuildConfiguration;
			buildSettings = {
				ASSETCATALOG_COMPILER_APPICON_NAME = AppIcon;
				ASSETCATALOG_COMPILER_GLOBAL_ACCENT_COLOR_NAME = AccentColor;
				CODE_SIGN_STYLE = Automatic;
				DEVELOPMENT_TEAM = C759N5S8J8;
				INFOPLIST_FILE = hw4/Info.plist;
				IPHONEOS_DEPLOYMENT_TARGET = 13.1;
				LD_RUNPATH_SEARCH_PATHS = (
					"$(inherited)",
					"@executable_path/Frameworks",
				);
				PRODUCT_BUNDLE_IDENTIFIER = com.amal.hw4;
				PRODUCT_NAME = "$(TARGET_NAME)";
				SWIFT_VERSION = 5.0;
				TARGETED_DEVICE_FAMILY = "1,2";
			};
			name = Release;
		};
/* End XCBuildConfiguration section */

/* Begin XCConfigurationList section */
		250F8725252D2AC700240752 /* Build configuration list for PBXProject "hw4" */ = {
			isa = XCConfigurationList;
			buildConfigurations = (
				250F873C252D2ACA00240752 /* Debug */,
				250F873D252D2ACA00240752 /* Release */,
			);
			defaultConfigurationIsVisible = 0;
			defaultConfigurationName = Release;
		};
		250F873E252D2ACA00240752 /* Build configuration list for PBXNativeTarget "hw4" */ = {
			isa = XCConfigurationList;
			buildConfigurations = (
				250F873F252D2ACA00240752 /* Debug */,
				250F8740252D2ACA00240752 /* Release */,
			);
			defaultConfigurationIsVisible = 0;
			defaultConfigurationName = Release;
		};
/* End XCConfigurationList section */
	};
	rootObject = 250F8722252D2AC700240752 /* Project object */;
}
